
Microsoft Visual Studio Solution File, Format Version 12.00
# Visual Studio Version 16
VisualStudioVersion = 16.0.32126.315
MinimumVisualStudioVersion = 10.0.40219.1
Project("{FAE04EC0-301F-11D3-BF4B-00C04F79EFBC}") = "API_Project", "API_Project\API_Project.csproj", "{D07CE348-C6B9-403A-9BB2-525DD71E420D}"
EndProject
Global
	GlobalSection(SolutionConfigurationPlatforms) = preSolution
		Debug|Any CPU = Debug|Any CPU
		Release|Any CPU = Release|Any CPU
	EndGlobalSection
	GlobalSection(ProjectConfigurationPlatforms) = postSolution
		{D07CE348-C6B9-403A-9BB2-525DD71E420D}.Debug|Any CPU.ActiveCfg = Debug|Any CPU
		{D07CE348-C6B9-403A-9BB2-525DD71E420D}.Debug|Any CPU.Build.0 = Debug|Any CPU
		{D07CE348-C6B9-403A-9BB2-525DD71E420D}.Release|Any CPU.ActiveCfg = Release|Any CPU
		{D07CE348-C6B9-403A-9BB2-525DD71E420D}.Release|Any CPU.Build.0 = Release|Any CPU
	EndGlobalSection
	GlobalSection(SolutionProperties) = preSolution
		HideSolutionNode = FALSE
	EndGlobalSection
	GlobalSection(ExtensibilityGlobals) = postSolution
		SolutionGuid = {5686183B-3D2A-4D7D-A06D-4D8875C2FB85}
	EndGlobalSection
EndGlobal
